
Microsoft Visual Studio Solution File, Format Version 12.00
# Visual Studio Version 17
VisualStudioVersion = 17.5.002.0
MinimumVisualStudioVersion = 10.0.40219.1
Project("{9A19103F-16F7-4668-BE54-9A1E7A4F7556}") = "app", "app.csproj", "{9DF3F534-647F-4264-A5D6-3E3E965AF04C}"
EndProject
Global
	GlobalSection(SolutionConfigurationPlatforms) = preSolution
		Debug|Any CPU = Debug|Any CPU
		Release|Any CPU = Release|Any CPU
	EndGlobalSection
	GlobalSection(ProjectConfigurationPlatforms) = postSolution
		{9DF3F534-647F-4264-A5D6-3E3E965AF04C}.Debug|Any CPU.ActiveCfg = Debug|Any CPU
		{9DF3F534-647F-4264-A5D6-3E3E965AF04C}.Debug|Any CPU.Build.0 = Debug|Any CPU
		{9DF3F534-647F-4264-A5D6-3E3E965AF04C}.Release|Any CPU.ActiveCfg = Release|Any CPU
		{9DF3F534-647F-4264-A5D6-3E3E965AF04C}.Release|Any CPU.Build.0 = Release|Any CPU
	EndGlobalSection
	GlobalSection(SolutionProperties) = preSolution
		HideSolutionNode = FALSE
	EndGlobalSection
	GlobalSection(ExtensibilityGlobals) = postSolution
		SolutionGuid = {BB75C7EC-2266-4D3A-AD06-F1EF7121F913}
	EndGlobalSection
EndGlobal
